
Microsoft Visual Studio Solution File, Format Version 12.00
# Visual Studio Version 16
VisualStudioVersion = 16.0.30320.27
MinimumVisualStudioVersion = 10.0.40219.1
Project("{FAE04EC0-301F-11D3-BF4B-00C04F79EFBC}") = "WebApi", "WebApi\WebApi.csproj", "{6ACA78EE-BDF3-421C-8EC7-A33618EF1A1F}"
EndProject
Project("{FAE04EC0-301F-11D3-BF4B-00C04F79EFBC}") = "Domain", "Domain\Domain.csproj", "{5BDB7F32-C480-4999-B7B9-0BF113F0E5D6}"
EndProject
Global
	GlobalSection(SolutionConfigurationPlatforms) = preSolution
		Debug|Any CPU = Debug|Any CPU
		Release|Any CPU = Release|Any CPU
	EndGlobalSection
	GlobalSection(ProjectConfigurationPlatforms) = postSolution
		{6ACA78EE-BDF3-421C-8EC7-A33618EF1A1F}.Debug|Any CPU.ActiveCfg = Debug|Any CPU
		{6ACA78EE-BDF3-421C-8EC7-A33618EF1A1F}.Debug|Any CPU.Build.0 = Debug|Any CPU
		{6ACA78EE-BDF3-421C-8EC7-A33618EF1A1F}.Release|Any CPU.ActiveCfg = Release|Any CPU
		{6ACA78EE-BDF3-421C-8EC7-A33618EF1A1F}.Release|Any CPU.Build.0 = Release|Any CPU
		{5BDB7F32-C480-4999-B7B9-0BF113F0E5D6}.Debug|Any CPU.ActiveCfg = Debug|Any CPU
		{5BDB7F32-C480-4999-B7B9-0BF113F0E5D6}.Debug|Any CPU.Build.0 = Debug|Any CPU
		{5BDB7F32-C480-4999-B7B9-0BF113F0E5D6}.Release|Any CPU.ActiveCfg = Release|Any CPU
		{5BDB7F32-C480-4999-B7B9-0BF113F0E5D6}.Release|Any CPU.Build.0 = Release|Any CPU
	EndGlobalSection
	GlobalSection(SolutionProperties) = preSolution
		HideSolutionNode = FALSE
	EndGlobalSection
	GlobalSection(ExtensibilityGlobals) = postSolution
		SolutionGuid = {1CF532C7-4145-40E7-8FC3-0A040F5DEDEE}
	EndGlobalSection
EndGlobal
